{
  "originHash" : "cc61c29d1435bbd7d68c3e2dc135954d1b38bb23704290feb6927f509831dc65",
  "pins" : [
    {
      "identity" : "veouiswift",
      "kind" : "remoteSourceControl",
      "location" : "https://github.com/VeoUI/VeoUISwift.git",
      "state" : {
        "branch" : "main",
        "revision" : "08cbe26abbf089d678c9b80a5b8a4f052efe8211"
      }
    }
  ],
  "version" : 3
}
