{
  "originHash" : "cc61c29d1435bbd7d68c3e2dc135954d1b38bb23704290feb6927f509831dc65",
  "pins" : [
    {
      "identity" : "veouiswift",
      "kind" : "remoteSourceControl",
      "location" : "https://github.com/VeoUI/VeoUISwift.git",
      "state" : {
        "branch" : "main",
        "revision" : "e66fa2ef5a3704f7ea6e69107496f81ef1ac3190"
      }
    }
  ],
  "version" : 3
}
