{
  "originHash" : "cc61c29d1435bbd7d68c3e2dc135954d1b38bb23704290feb6927f509831dc65",
  "pins" : [
    {
      "identity" : "veouiswift",
      "kind" : "remoteSourceControl",
      "location" : "https://github.com/VeoUI/VeoUISwift.git",
      "state" : {
        "branch" : "main",
        "revision" : "a919e6b10df4545e6bef0ec6bf6a473c8a60b51e"
      }
    }
  ],
  "version" : 3
}
